
Microsoft Visual Studio Solution File, Format Version 12.00
# Visual Studio Version 17
VisualStudioVersion = 17.10.35013.160
MinimumVisualStudioVersion = 10.0.40219.1
Project("{9A19103F-16F7-4668-BE54-9A1E7A4F7556}") = "AR_PawnShields", "AR_PawnShields\AR_PawnShields.csproj", "{CE46FD82-B791-4C70-869C-70B6358ED70A}"
EndProject
Global
	GlobalSection(SolutionConfigurationPlatforms) = preSolution
		Debug|Any CPU = Debug|Any CPU
		Release|Any CPU = Release|Any CPU
	EndGlobalSection
	GlobalSection(ProjectConfigurationPlatforms) = postSolution
		{CE46FD82-B791-4C70-869C-70B6358ED70A}.Debug|Any CPU.ActiveCfg = Debug|Any CPU
		{CE46FD82-B791-4C70-869C-70B6358ED70A}.Debug|Any CPU.Build.0 = Debug|Any CPU
		{CE46FD82-B791-4C70-869C-70B6358ED70A}.Release|Any CPU.ActiveCfg = Release|Any CPU
		{CE46FD82-B791-4C70-869C-70B6358ED70A}.Release|Any CPU.Build.0 = Release|Any CPU
	EndGlobalSection
	GlobalSection(SolutionProperties) = preSolution
		HideSolutionNode = FALSE
	EndGlobalSection
	GlobalSection(ExtensibilityGlobals) = postSolution
		SolutionGuid = {74301211-4B54-44A5-814A-D6530D5C2312}
	EndGlobalSection
EndGlobal
